// !$*UTF8*$!
{
	archiveVersion = 1;
	classes = {
	};
	objectVersion = 56;
	objects = {

/* Begin PBXBuildFile section */
		39415EA62BC3CBC40033AE5E /* AppDelegate.swift in Sources */ = {isa = PBXBuildFile; fileRef = 39415EA52BC3CBC40033AE5E /* AppDelegate.swift */; };
		39415EA82BC3CBC40033AE5E /* SceneDelegate.swift in Sources */ = {isa = PBXBuildFile; fileRef = 39415EA72BC3CBC40033AE5E /* SceneDelegate.swift */; };
		39415EAA2BC3CBC40033AE5E /* GameBoardViewController.swift in Sources */ = {isa = PBXBuildFile; fileRef = 39415EA92BC3CBC40033AE5E /* GameBoardViewController.swift */; };
		39415EAD2BC3CBC40033AE5E /* Main.storyboard in Resources */ = {isa = PBXBuildFile; fileRef = 39415EAB2BC3CBC40033AE5E /* Main.storyboard */; };
		39415EB02BC3CBC40033AE5E /* TicTacToeGame.xcdatamodeld in Sources */ = {isa = PBXBuildFile; fileRef = 39415EAE2BC3CBC40033AE5E /* TicTacToeGame.xcdatamodeld */; };
		39415EB22BC3CBC50033AE5E /* Assets.xcassets in Resources */ = {isa = PBXBuildFile; fileRef = 39415EB12BC3CBC50033AE5E /* Assets.xcassets */; };
		39415EB52BC3CBC50033AE5E /* LaunchScreen.storyboard in Resources */ = {isa = PBXBuildFile; fileRef = 39415EB32BC3CBC50033AE5E /* LaunchScreen.storyboard */; };
		39415EBE2BC531BF0033AE5E /* GetStartedViewController.swift in Sources */ = {isa = PBXBuildFile; fileRef = 39415EBD2BC531BF0033AE5E /* GetStartedViewController.swift */; };
<<<<<<< HEAD
		39415EC02BC536570033AE5E /* PlayersNameViewController.swift in Sources */ = {isa = PBXBuildFile; fileRef = 39415EBF2BC536570033AE5E /* PlayersNameViewController.swift */; };
		39415EC32BC66E290033AE5E /* AppGradient.swift in Sources */ = {isa = PBXBuildFile; fileRef = 39415EC22BC66E290033AE5E /* AppGradient.swift */; };
		39415EED2BC69B140033AE5E /* CoreDataManager.swift in Sources */ = {isa = PBXBuildFile; fileRef = 39415EEC2BC69B140033AE5E /* CoreDataManager.swift */; };
		39415EEF2BC6A70E0033AE5E /* RoundHistoryViewController.swift in Sources */ = {isa = PBXBuildFile; fileRef = 39415EEE2BC6A70E0033AE5E /* RoundHistoryViewController.swift */; };
=======
		39415EC02BC536570033AE5E /* BoardInfoViewController.swift in Sources */ = {isa = PBXBuildFile; fileRef = 39415EBF2BC536570033AE5E /* BoardInfoViewController.swift */; };
		39415EC32BC66E290033AE5E /* AppGradient.swift in Sources */ = {isa = PBXBuildFile; fileRef = 39415EC22BC66E290033AE5E /* AppGradient.swift */; };
		39415EED2BC69B140033AE5E /* CoreDataManager.swift in Sources */ = {isa = PBXBuildFile; fileRef = 39415EEC2BC69B140033AE5E /* CoreDataManager.swift */; };
		39415EEF2BC6A70E0033AE5E /* RoundHistoryViewController.swift in Sources */ = {isa = PBXBuildFile; fileRef = 39415EEE2BC6A70E0033AE5E /* RoundHistoryViewController.swift */; };
		39DD98F22BC7C8F00060E120 /* GameBoardCoordinator.swift in Sources */ = {isa = PBXBuildFile; fileRef = 39DD98F12BC7C8F00060E120 /* GameBoardCoordinator.swift */; };
		6DBDF49E2BC78D7E0054DC04 /* UIViewController+Extentions.swift in Sources */ = {isa = PBXBuildFile; fileRef = 6DBDF49D2BC78D7E0054DC04 /* UIViewController+Extentions.swift */; };
		6DBDF4A02BC78DAB0054DC04 /* UIView+Extentions.swift in Sources */ = {isa = PBXBuildFile; fileRef = 6DBDF49F2BC78DAB0054DC04 /* UIView+Extentions.swift */; };
		6DBDF4A22BC78E940054DC04 /* TicTocToeTextField.swift in Sources */ = {isa = PBXBuildFile; fileRef = 6DBDF4A12BC78E940054DC04 /* TicTocToeTextField.swift */; };
		6DBDF4A42BC795820054DC04 /* OtherUtils.swift in Sources */ = {isa = PBXBuildFile; fileRef = 6DBDF4A32BC795820054DC04 /* OtherUtils.swift */; };
		6DBDF4A72BC7962C0054DC04 /* BaseCoordinator.swift in Sources */ = {isa = PBXBuildFile; fileRef = 6DBDF4A62BC7962C0054DC04 /* BaseCoordinator.swift */; };
		6DBDF4A92BC796C10054DC04 /* BoardCoordinator.swift in Sources */ = {isa = PBXBuildFile; fileRef = 6DBDF4A82BC796C10054DC04 /* BoardCoordinator.swift */; };
		6DBDF4AB2BC79FC30054DC04 /* GetStartedCoordinator.swift in Sources */ = {isa = PBXBuildFile; fileRef = 6DBDF4AA2BC79FC30054DC04 /* GetStartedCoordinator.swift */; };
		6DBDF4AD2BC7A0950054DC04 /* TicToeButton.swift in Sources */ = {isa = PBXBuildFile; fileRef = 6DBDF4AC2BC7A0950054DC04 /* TicToeButton.swift */; };
		6DBDF4B22BC7A7FC0054DC04 /* HistoryBDService.swift in Sources */ = {isa = PBXBuildFile; fileRef = 6DBDF4B12BC7A7FC0054DC04 /* HistoryBDService.swift */; };
		6DBDF4B42BC7BAE10054DC04 /* DBServiceProvider.swift in Sources */ = {isa = PBXBuildFile; fileRef = 6DBDF4B32BC7BAE10054DC04 /* DBServiceProvider.swift */; };
>>>>>>> dev
/* End PBXBuildFile section */

/* Begin PBXFileReference section */
		39415EA22BC3CBC40033AE5E /* TicTacToeGame.app */ = {isa = PBXFileReference; explicitFileType = wrapper.application; includeInIndex = 0; path = TicTacToeGame.app; sourceTree = BUILT_PRODUCTS_DIR; };
		39415EA52BC3CBC40033AE5E /* AppDelegate.swift */ = {isa = PBXFileReference; lastKnownFileType = sourcecode.swift; path = AppDelegate.swift; sourceTree = "<group>"; };
		39415EA72BC3CBC40033AE5E /* SceneDelegate.swift */ = {isa = PBXFileReference; lastKnownFileType = sourcecode.swift; path = SceneDelegate.swift; sourceTree = "<group>"; };
		39415EA92BC3CBC40033AE5E /* GameBoardViewController.swift */ = {isa = PBXFileReference; lastKnownFileType = sourcecode.swift; path = GameBoardViewController.swift; sourceTree = "<group>"; };
		39415EAC2BC3CBC40033AE5E /* Base */ = {isa = PBXFileReference; lastKnownFileType = file.storyboard; name = Base; path = Base.lproj/Main.storyboard; sourceTree = "<group>"; };
		39415EAF2BC3CBC40033AE5E /* TicTacToeGame.xcdatamodel */ = {isa = PBXFileReference; lastKnownFileType = wrapper.xcdatamodel; path = TicTacToeGame.xcdatamodel; sourceTree = "<group>"; };
		39415EB12BC3CBC50033AE5E /* Assets.xcassets */ = {isa = PBXFileReference; lastKnownFileType = folder.assetcatalog; path = Assets.xcassets; sourceTree = "<group>"; };
		39415EB42BC3CBC50033AE5E /* Base */ = {isa = PBXFileReference; lastKnownFileType = file.storyboard; name = Base; path = Base.lproj/LaunchScreen.storyboard; sourceTree = "<group>"; };
		39415EB62BC3CBC50033AE5E /* Info.plist */ = {isa = PBXFileReference; lastKnownFileType = text.plist.xml; path = Info.plist; sourceTree = "<group>"; };
		39415EBD2BC531BF0033AE5E /* GetStartedViewController.swift */ = {isa = PBXFileReference; lastKnownFileType = sourcecode.swift; path = GetStartedViewController.swift; sourceTree = "<group>"; };
<<<<<<< HEAD
		39415EBF2BC536570033AE5E /* PlayersNameViewController.swift */ = {isa = PBXFileReference; lastKnownFileType = sourcecode.swift; path = PlayersNameViewController.swift; sourceTree = "<group>"; };
		39415EC22BC66E290033AE5E /* AppGradient.swift */ = {isa = PBXFileReference; lastKnownFileType = sourcecode.swift; path = AppGradient.swift; sourceTree = "<group>"; };
		39415EEC2BC69B140033AE5E /* CoreDataManager.swift */ = {isa = PBXFileReference; lastKnownFileType = sourcecode.swift; path = CoreDataManager.swift; sourceTree = "<group>"; };
		39415EEE2BC6A70E0033AE5E /* RoundHistoryViewController.swift */ = {isa = PBXFileReference; lastKnownFileType = sourcecode.swift; path = RoundHistoryViewController.swift; sourceTree = "<group>"; };
=======
		39415EBF2BC536570033AE5E /* BoardInfoViewController.swift */ = {isa = PBXFileReference; lastKnownFileType = sourcecode.swift; path = BoardInfoViewController.swift; sourceTree = "<group>"; };
		39415EC22BC66E290033AE5E /* AppGradient.swift */ = {isa = PBXFileReference; lastKnownFileType = sourcecode.swift; path = AppGradient.swift; sourceTree = "<group>"; };
		39415EEC2BC69B140033AE5E /* CoreDataManager.swift */ = {isa = PBXFileReference; lastKnownFileType = sourcecode.swift; path = CoreDataManager.swift; sourceTree = "<group>"; };
		39415EEE2BC6A70E0033AE5E /* RoundHistoryViewController.swift */ = {isa = PBXFileReference; lastKnownFileType = sourcecode.swift; path = RoundHistoryViewController.swift; sourceTree = "<group>"; };
		39DD98F12BC7C8F00060E120 /* GameBoardCoordinator.swift */ = {isa = PBXFileReference; lastKnownFileType = sourcecode.swift; path = GameBoardCoordinator.swift; sourceTree = "<group>"; };
		6DBDF49D2BC78D7E0054DC04 /* UIViewController+Extentions.swift */ = {isa = PBXFileReference; lastKnownFileType = sourcecode.swift; path = "UIViewController+Extentions.swift"; sourceTree = "<group>"; };
		6DBDF49F2BC78DAB0054DC04 /* UIView+Extentions.swift */ = {isa = PBXFileReference; lastKnownFileType = sourcecode.swift; path = "UIView+Extentions.swift"; sourceTree = "<group>"; };
		6DBDF4A12BC78E940054DC04 /* TicTocToeTextField.swift */ = {isa = PBXFileReference; lastKnownFileType = sourcecode.swift; path = TicTocToeTextField.swift; sourceTree = "<group>"; };
		6DBDF4A32BC795820054DC04 /* OtherUtils.swift */ = {isa = PBXFileReference; lastKnownFileType = sourcecode.swift; path = OtherUtils.swift; sourceTree = "<group>"; };
		6DBDF4A62BC7962C0054DC04 /* BaseCoordinator.swift */ = {isa = PBXFileReference; lastKnownFileType = sourcecode.swift; path = BaseCoordinator.swift; sourceTree = "<group>"; };
		6DBDF4A82BC796C10054DC04 /* BoardCoordinator.swift */ = {isa = PBXFileReference; lastKnownFileType = sourcecode.swift; path = BoardCoordinator.swift; sourceTree = "<group>"; };
		6DBDF4AA2BC79FC30054DC04 /* GetStartedCoordinator.swift */ = {isa = PBXFileReference; lastKnownFileType = sourcecode.swift; path = GetStartedCoordinator.swift; sourceTree = "<group>"; };
		6DBDF4AC2BC7A0950054DC04 /* TicToeButton.swift */ = {isa = PBXFileReference; lastKnownFileType = sourcecode.swift; path = TicToeButton.swift; sourceTree = "<group>"; };
		6DBDF4B12BC7A7FC0054DC04 /* HistoryBDService.swift */ = {isa = PBXFileReference; lastKnownFileType = sourcecode.swift; path = HistoryBDService.swift; sourceTree = "<group>"; };
		6DBDF4B32BC7BAE10054DC04 /* DBServiceProvider.swift */ = {isa = PBXFileReference; lastKnownFileType = sourcecode.swift; path = DBServiceProvider.swift; sourceTree = "<group>"; };
>>>>>>> dev
/* End PBXFileReference section */

/* Begin PBXFrameworksBuildPhase section */
		39415E9F2BC3CBC40033AE5E /* Frameworks */ = {
			isa = PBXFrameworksBuildPhase;
			buildActionMask = 2147483647;
			files = (
			);
			runOnlyForDeploymentPostprocessing = 0;
		};
/* End PBXFrameworksBuildPhase section */

/* Begin PBXGroup section */
		39415E992BC3CBC40033AE5E = {
			isa = PBXGroup;
			children = (
				39415EA42BC3CBC40033AE5E /* TicTacToeGame */,
				39415EA32BC3CBC40033AE5E /* Products */,
			);
			sourceTree = "<group>";
		};
		39415EA32BC3CBC40033AE5E /* Products */ = {
			isa = PBXGroup;
			children = (
				39415EA22BC3CBC40033AE5E /* TicTacToeGame.app */,
			);
			name = Products;
			sourceTree = "<group>";
		};
		39415EA42BC3CBC40033AE5E /* TicTacToeGame */ = {
			isa = PBXGroup;
			children = (
<<<<<<< HEAD
=======
				6DBDF4AE2BC7A1B40054DC04 /* Views */,
				6DBDF4A52BC796100054DC04 /* Coordinators */,
				39415EEB2BC69AF90033AE5E /* Cache */,
>>>>>>> dev
				39415EEA2BC69AF20033AE5E /* Utils */,
				39415EC62BC681920033AE5E /* Controller */,
				39415EC52BC681750033AE5E /* Resources */,
				39415EC42BC6814D0033AE5E /* App Delegate */,
				39415EC12BC66E0D0033AE5E /* Common */,
				39415EBC2BC5319D0033AE5E /* View */,
				39415EAE2BC3CBC40033AE5E /* TicTacToeGame.xcdatamodeld */,
			);
			path = TicTacToeGame;
			sourceTree = "<group>";
		};
		39415EBC2BC5319D0033AE5E /* View */ = {
			isa = PBXGroup;
			children = (
				39415EAB2BC3CBC40033AE5E /* Main.storyboard */,
				39415EB32BC3CBC50033AE5E /* LaunchScreen.storyboard */,
			);
			path = View;
			sourceTree = "<group>";
		};
		39415EC12BC66E0D0033AE5E /* Common */ = {
			isa = PBXGroup;
			children = (
				39415EC22BC66E290033AE5E /* AppGradient.swift */,
			);
			path = Common;
			sourceTree = "<group>";
		};
		39415EC42BC6814D0033AE5E /* App Delegate */ = {
			isa = PBXGroup;
			children = (
				39415EA72BC3CBC40033AE5E /* SceneDelegate.swift */,
				39415EA52BC3CBC40033AE5E /* AppDelegate.swift */,
			);
			path = "App Delegate";
			sourceTree = "<group>";
		};
		39415EC52BC681750033AE5E /* Resources */ = {
			isa = PBXGroup;
			children = (
				39415EB12BC3CBC50033AE5E /* Assets.xcassets */,
				39415EB62BC3CBC50033AE5E /* Info.plist */,
			);
			path = Resources;
			sourceTree = "<group>";
		};
		39415EC62BC681920033AE5E /* Controller */ = {
			isa = PBXGroup;
			children = (
<<<<<<< HEAD
				39415EBF2BC536570033AE5E /* PlayersNameViewController.swift */,
				39415EBD2BC531BF0033AE5E /* GetStartedViewController.swift */,
=======
				39415EBD2BC531BF0033AE5E /* GetStartedViewController.swift */,
				39415EBF2BC536570033AE5E /* BoardInfoViewController.swift */,
>>>>>>> dev
				39415EA92BC3CBC40033AE5E /* GameBoardViewController.swift */,
				39415EEE2BC6A70E0033AE5E /* RoundHistoryViewController.swift */,
			);
			path = Controller;
			sourceTree = "<group>";
		};
		39415EEA2BC69AF20033AE5E /* Utils */ = {
			isa = PBXGroup;
			children = (
<<<<<<< HEAD
				39415EEB2BC69AF90033AE5E /* Manager */,
=======
				6DBDF49D2BC78D7E0054DC04 /* UIViewController+Extentions.swift */,
				6DBDF49F2BC78DAB0054DC04 /* UIView+Extentions.swift */,
				6DBDF4A32BC795820054DC04 /* OtherUtils.swift */,
>>>>>>> dev
			);
			path = Utils;
			sourceTree = "<group>";
		};
<<<<<<< HEAD
		39415EEB2BC69AF90033AE5E /* Manager */ = {
			isa = PBXGroup;
			children = (
				39415EEC2BC69B140033AE5E /* CoreDataManager.swift */,
			);
			path = Manager;
=======
		39415EEB2BC69AF90033AE5E /* Cache */ = {
			isa = PBXGroup;
			children = (
				39415EEC2BC69B140033AE5E /* CoreDataManager.swift */,
				6DBDF4B32BC7BAE10054DC04 /* DBServiceProvider.swift */,
				6DBDF4B12BC7A7FC0054DC04 /* HistoryBDService.swift */,
			);
			path = Cache;
			sourceTree = "<group>";
		};
		6DBDF4A52BC796100054DC04 /* Coordinators */ = {
			isa = PBXGroup;
			children = (
				6DBDF4A62BC7962C0054DC04 /* BaseCoordinator.swift */,
				6DBDF4AA2BC79FC30054DC04 /* GetStartedCoordinator.swift */,
				6DBDF4A82BC796C10054DC04 /* BoardCoordinator.swift */,
				39DD98F12BC7C8F00060E120 /* GameBoardCoordinator.swift */,
			);
			path = Coordinators;
			sourceTree = "<group>";
		};
		6DBDF4AE2BC7A1B40054DC04 /* Views */ = {
			isa = PBXGroup;
			children = (
				6DBDF4A12BC78E940054DC04 /* TicTocToeTextField.swift */,
				6DBDF4AC2BC7A0950054DC04 /* TicToeButton.swift */,
			);
			path = Views;
>>>>>>> dev
			sourceTree = "<group>";
		};
/* End PBXGroup section */

/* Begin PBXNativeTarget section */
		39415EA12BC3CBC40033AE5E /* TicTacToeGame */ = {
			isa = PBXNativeTarget;
			buildConfigurationList = 39415EB92BC3CBC50033AE5E /* Build configuration list for PBXNativeTarget "TicTacToeGame" */;
			buildPhases = (
				39415E9E2BC3CBC40033AE5E /* Sources */,
				39415E9F2BC3CBC40033AE5E /* Frameworks */,
				39415EA02BC3CBC40033AE5E /* Resources */,
			);
			buildRules = (
			);
			dependencies = (
			);
			name = TicTacToeGame;
			productName = TicTacToeGame;
			productReference = 39415EA22BC3CBC40033AE5E /* TicTacToeGame.app */;
			productType = "com.apple.product-type.application";
		};
/* End PBXNativeTarget section */

/* Begin PBXProject section */
		39415E9A2BC3CBC40033AE5E /* Project object */ = {
			isa = PBXProject;
			attributes = {
				BuildIndependentTargetsInParallel = 1;
				LastSwiftUpdateCheck = 1430;
				LastUpgradeCheck = 1430;
				TargetAttributes = {
					39415EA12BC3CBC40033AE5E = {
						CreatedOnToolsVersion = 14.3.1;
					};
				};
			};
			buildConfigurationList = 39415E9D2BC3CBC40033AE5E /* Build configuration list for PBXProject "TicTacToeGame" */;
			compatibilityVersion = "Xcode 14.0";
			developmentRegion = en;
			hasScannedForEncodings = 0;
			knownRegions = (
				en,
				Base,
			);
			mainGroup = 39415E992BC3CBC40033AE5E;
			productRefGroup = 39415EA32BC3CBC40033AE5E /* Products */;
			projectDirPath = "";
			projectRoot = "";
			targets = (
				39415EA12BC3CBC40033AE5E /* TicTacToeGame */,
			);
		};
/* End PBXProject section */

/* Begin PBXResourcesBuildPhase section */
		39415EA02BC3CBC40033AE5E /* Resources */ = {
			isa = PBXResourcesBuildPhase;
			buildActionMask = 2147483647;
			files = (
				39415EB52BC3CBC50033AE5E /* LaunchScreen.storyboard in Resources */,
				39415EB22BC3CBC50033AE5E /* Assets.xcassets in Resources */,
				39415EAD2BC3CBC40033AE5E /* Main.storyboard in Resources */,
			);
			runOnlyForDeploymentPostprocessing = 0;
		};
/* End PBXResourcesBuildPhase section */

/* Begin PBXSourcesBuildPhase section */
		39415E9E2BC3CBC40033AE5E /* Sources */ = {
			isa = PBXSourcesBuildPhase;
			buildActionMask = 2147483647;
			files = (
<<<<<<< HEAD
				39415EC02BC536570033AE5E /* PlayersNameViewController.swift in Sources */,
				39415EB02BC3CBC40033AE5E /* TicTacToeGame.xcdatamodeld in Sources */,
				39415EC32BC66E290033AE5E /* AppGradient.swift in Sources */,
				39415EAA2BC3CBC40033AE5E /* GameBoardViewController.swift in Sources */,
				39415EA62BC3CBC40033AE5E /* AppDelegate.swift in Sources */,
				39415EA82BC3CBC40033AE5E /* SceneDelegate.swift in Sources */,
				39415EED2BC69B140033AE5E /* CoreDataManager.swift in Sources */,
				39415EBE2BC531BF0033AE5E /* GetStartedViewController.swift in Sources */,
				39415EEF2BC6A70E0033AE5E /* RoundHistoryViewController.swift in Sources */,
=======
				39415EC02BC536570033AE5E /* BoardInfoViewController.swift in Sources */,
				6DBDF4AB2BC79FC30054DC04 /* GetStartedCoordinator.swift in Sources */,
				39415EB02BC3CBC40033AE5E /* TicTacToeGame.xcdatamodeld in Sources */,
				6DBDF4A22BC78E940054DC04 /* TicTocToeTextField.swift in Sources */,
				6DBDF4AD2BC7A0950054DC04 /* TicToeButton.swift in Sources */,
				39415EC32BC66E290033AE5E /* AppGradient.swift in Sources */,
				39415EAA2BC3CBC40033AE5E /* GameBoardViewController.swift in Sources */,
				39415EA62BC3CBC40033AE5E /* AppDelegate.swift in Sources */,
				6DBDF4A02BC78DAB0054DC04 /* UIView+Extentions.swift in Sources */,
				39415EA82BC3CBC40033AE5E /* SceneDelegate.swift in Sources */,
				39415EED2BC69B140033AE5E /* CoreDataManager.swift in Sources */,
				6DBDF4B42BC7BAE10054DC04 /* DBServiceProvider.swift in Sources */,
				6DBDF4A92BC796C10054DC04 /* BoardCoordinator.swift in Sources */,
				39415EBE2BC531BF0033AE5E /* GetStartedViewController.swift in Sources */,
				6DBDF49E2BC78D7E0054DC04 /* UIViewController+Extentions.swift in Sources */,
				6DBDF4B22BC7A7FC0054DC04 /* HistoryBDService.swift in Sources */,
				6DBDF4A72BC7962C0054DC04 /* BaseCoordinator.swift in Sources */,
				39415EEF2BC6A70E0033AE5E /* RoundHistoryViewController.swift in Sources */,
				6DBDF4A42BC795820054DC04 /* OtherUtils.swift in Sources */,
				39DD98F22BC7C8F00060E120 /* GameBoardCoordinator.swift in Sources */,
>>>>>>> dev
			);
			runOnlyForDeploymentPostprocessing = 0;
		};
/* End PBXSourcesBuildPhase section */

/* Begin PBXVariantGroup section */
		39415EAB2BC3CBC40033AE5E /* Main.storyboard */ = {
			isa = PBXVariantGroup;
			children = (
				39415EAC2BC3CBC40033AE5E /* Base */,
			);
			name = Main.storyboard;
			sourceTree = "<group>";
		};
		39415EB32BC3CBC50033AE5E /* LaunchScreen.storyboard */ = {
			isa = PBXVariantGroup;
			children = (
				39415EB42BC3CBC50033AE5E /* Base */,
			);
			name = LaunchScreen.storyboard;
			sourceTree = "<group>";
		};
/* End PBXVariantGroup section */

/* Begin XCBuildConfiguration section */
		39415EB72BC3CBC50033AE5E /* Debug */ = {
			isa = XCBuildConfiguration;
			buildSettings = {
				ALWAYS_SEARCH_USER_PATHS = NO;
				CLANG_ANALYZER_NONNULL = YES;
				CLANG_ANALYZER_NUMBER_OBJECT_CONVERSION = YES_AGGRESSIVE;
				CLANG_CXX_LANGUAGE_STANDARD = "gnu++20";
				CLANG_ENABLE_MODULES = YES;
				CLANG_ENABLE_OBJC_ARC = YES;
				CLANG_ENABLE_OBJC_WEAK = YES;
				CLANG_WARN_BLOCK_CAPTURE_AUTORELEASING = YES;
				CLANG_WARN_BOOL_CONVERSION = YES;
				CLANG_WARN_COMMA = YES;
				CLANG_WARN_CONSTANT_CONVERSION = YES;
				CLANG_WARN_DEPRECATED_OBJC_IMPLEMENTATIONS = YES;
				CLANG_WARN_DIRECT_OBJC_ISA_USAGE = YES_ERROR;
				CLANG_WARN_DOCUMENTATION_COMMENTS = YES;
				CLANG_WARN_EMPTY_BODY = YES;
				CLANG_WARN_ENUM_CONVERSION = YES;
				CLANG_WARN_INFINITE_RECURSION = YES;
				CLANG_WARN_INT_CONVERSION = YES;
				CLANG_WARN_NON_LITERAL_NULL_CONVERSION = YES;
				CLANG_WARN_OBJC_IMPLICIT_RETAIN_SELF = YES;
				CLANG_WARN_OBJC_LITERAL_CONVERSION = YES;
				CLANG_WARN_OBJC_ROOT_CLASS = YES_ERROR;
				CLANG_WARN_QUOTED_INCLUDE_IN_FRAMEWORK_HEADER = YES;
				CLANG_WARN_RANGE_LOOP_ANALYSIS = YES;
				CLANG_WARN_STRICT_PROTOTYPES = YES;
				CLANG_WARN_SUSPICIOUS_MOVE = YES;
				CLANG_WARN_UNGUARDED_AVAILABILITY = YES_AGGRESSIVE;
				CLANG_WARN_UNREACHABLE_CODE = YES;
				CLANG_WARN__DUPLICATE_METHOD_MATCH = YES;
				COPY_PHASE_STRIP = NO;
				DEBUG_INFORMATION_FORMAT = dwarf;
				ENABLE_STRICT_OBJC_MSGSEND = YES;
				ENABLE_TESTABILITY = YES;
				GCC_C_LANGUAGE_STANDARD = gnu11;
				GCC_DYNAMIC_NO_PIC = NO;
				GCC_NO_COMMON_BLOCKS = YES;
				GCC_OPTIMIZATION_LEVEL = 0;
				GCC_PREPROCESSOR_DEFINITIONS = (
					"DEBUG=1",
					"$(inherited)",
				);
				GCC_WARN_64_TO_32_BIT_CONVERSION = YES;
				GCC_WARN_ABOUT_RETURN_TYPE = YES_ERROR;
				GCC_WARN_UNDECLARED_SELECTOR = YES;
				GCC_WARN_UNINITIALIZED_AUTOS = YES_AGGRESSIVE;
				GCC_WARN_UNUSED_FUNCTION = YES;
				GCC_WARN_UNUSED_VARIABLE = YES;
				IPHONEOS_DEPLOYMENT_TARGET = 16.4;
				MTL_ENABLE_DEBUG_INFO = INCLUDE_SOURCE;
				MTL_FAST_MATH = YES;
				ONLY_ACTIVE_ARCH = YES;
				SDKROOT = iphoneos;
				SWIFT_ACTIVE_COMPILATION_CONDITIONS = DEBUG;
				SWIFT_OPTIMIZATION_LEVEL = "-Onone";
			};
			name = Debug;
		};
		39415EB82BC3CBC50033AE5E /* Release */ = {
			isa = XCBuildConfiguration;
			buildSettings = {
				ALWAYS_SEARCH_USER_PATHS = NO;
				CLANG_ANALYZER_NONNULL = YES;
				CLANG_ANALYZER_NUMBER_OBJECT_CONVERSION = YES_AGGRESSIVE;
				CLANG_CXX_LANGUAGE_STANDARD = "gnu++20";
				CLANG_ENABLE_MODULES = YES;
				CLANG_ENABLE_OBJC_ARC = YES;
				CLANG_ENABLE_OBJC_WEAK = YES;
				CLANG_WARN_BLOCK_CAPTURE_AUTORELEASING = YES;
				CLANG_WARN_BOOL_CONVERSION = YES;
				CLANG_WARN_COMMA = YES;
				CLANG_WARN_CONSTANT_CONVERSION = YES;
				CLANG_WARN_DEPRECATED_OBJC_IMPLEMENTATIONS = YES;
				CLANG_WARN_DIRECT_OBJC_ISA_USAGE = YES_ERROR;
				CLANG_WARN_DOCUMENTATION_COMMENTS = YES;
				CLANG_WARN_EMPTY_BODY = YES;
				CLANG_WARN_ENUM_CONVERSION = YES;
				CLANG_WARN_INFINITE_RECURSION = YES;
				CLANG_WARN_INT_CONVERSION = YES;
				CLANG_WARN_NON_LITERAL_NULL_CONVERSION = YES;
				CLANG_WARN_OBJC_IMPLICIT_RETAIN_SELF = YES;
				CLANG_WARN_OBJC_LITERAL_CONVERSION = YES;
				CLANG_WARN_OBJC_ROOT_CLASS = YES_ERROR;
				CLANG_WARN_QUOTED_INCLUDE_IN_FRAMEWORK_HEADER = YES;
				CLANG_WARN_RANGE_LOOP_ANALYSIS = YES;
				CLANG_WARN_STRICT_PROTOTYPES = YES;
				CLANG_WARN_SUSPICIOUS_MOVE = YES;
				CLANG_WARN_UNGUARDED_AVAILABILITY = YES_AGGRESSIVE;
				CLANG_WARN_UNREACHABLE_CODE = YES;
				CLANG_WARN__DUPLICATE_METHOD_MATCH = YES;
				COPY_PHASE_STRIP = NO;
				DEBUG_INFORMATION_FORMAT = "dwarf-with-dsym";
				ENABLE_NS_ASSERTIONS = NO;
				ENABLE_STRICT_OBJC_MSGSEND = YES;
				GCC_C_LANGUAGE_STANDARD = gnu11;
				GCC_NO_COMMON_BLOCKS = YES;
				GCC_WARN_64_TO_32_BIT_CONVERSION = YES;
				GCC_WARN_ABOUT_RETURN_TYPE = YES_ERROR;
				GCC_WARN_UNDECLARED_SELECTOR = YES;
				GCC_WARN_UNINITIALIZED_AUTOS = YES_AGGRESSIVE;
				GCC_WARN_UNUSED_FUNCTION = YES;
				GCC_WARN_UNUSED_VARIABLE = YES;
				IPHONEOS_DEPLOYMENT_TARGET = 16.4;
				MTL_ENABLE_DEBUG_INFO = NO;
				MTL_FAST_MATH = YES;
				SDKROOT = iphoneos;
				SWIFT_COMPILATION_MODE = wholemodule;
				SWIFT_OPTIMIZATION_LEVEL = "-O";
				VALIDATE_PRODUCT = YES;
			};
			name = Release;
		};
		39415EBA2BC3CBC50033AE5E /* Debug */ = {
			isa = XCBuildConfiguration;
			buildSettings = {
				ASSETCATALOG_COMPILER_APPICON_NAME = AppIcon;
				ASSETCATALOG_COMPILER_GLOBAL_ACCENT_COLOR_NAME = AccentColor;
				CODE_SIGN_STYLE = Automatic;
				CURRENT_PROJECT_VERSION = 1;
				GENERATE_INFOPLIST_FILE = YES;
				INFOPLIST_FILE = TicTacToeGame/Resources/Info.plist;
				INFOPLIST_KEY_UIApplicationSupportsIndirectInputEvents = YES;
				INFOPLIST_KEY_UILaunchStoryboardName = LaunchScreen;
				INFOPLIST_KEY_UIMainStoryboardFile = Main;
				INFOPLIST_KEY_UISupportedInterfaceOrientations = UIInterfaceOrientationPortrait;
				IPHONEOS_DEPLOYMENT_TARGET = 16.0;
				LD_RUNPATH_SEARCH_PATHS = (
					"$(inherited)",
					"@executable_path/Frameworks",
				);
				MARKETING_VERSION = 1.0;
				PRODUCT_BUNDLE_IDENTIFIER = com.onkarmishra.TicTacToeGame;
				PRODUCT_NAME = "$(TARGET_NAME)";
				SUPPORTED_PLATFORMS = "iphoneos iphonesimulator";
				SUPPORTS_MACCATALYST = NO;
				SUPPORTS_MAC_DESIGNED_FOR_IPHONE_IPAD = NO;
				SWIFT_EMIT_LOC_STRINGS = YES;
				SWIFT_VERSION = 5.0;
				TARGETED_DEVICE_FAMILY = "1,2";
			};
			name = Debug;
		};
		39415EBB2BC3CBC50033AE5E /* Release */ = {
			isa = XCBuildConfiguration;
			buildSettings = {
				ASSETCATALOG_COMPILER_APPICON_NAME = AppIcon;
				ASSETCATALOG_COMPILER_GLOBAL_ACCENT_COLOR_NAME = AccentColor;
				CODE_SIGN_STYLE = Automatic;
				CURRENT_PROJECT_VERSION = 1;
				GENERATE_INFOPLIST_FILE = YES;
				INFOPLIST_FILE = TicTacToeGame/Resources/Info.plist;
				INFOPLIST_KEY_UIApplicationSupportsIndirectInputEvents = YES;
				INFOPLIST_KEY_UILaunchStoryboardName = LaunchScreen;
				INFOPLIST_KEY_UIMainStoryboardFile = Main;
				INFOPLIST_KEY_UISupportedInterfaceOrientations = UIInterfaceOrientationPortrait;
				IPHONEOS_DEPLOYMENT_TARGET = 16.0;
				LD_RUNPATH_SEARCH_PATHS = (
					"$(inherited)",
					"@executable_path/Frameworks",
				);
				MARKETING_VERSION = 1.0;
				PRODUCT_BUNDLE_IDENTIFIER = com.onkarmishra.TicTacToeGame;
				PRODUCT_NAME = "$(TARGET_NAME)";
				SUPPORTED_PLATFORMS = "iphoneos iphonesimulator";
				SUPPORTS_MACCATALYST = NO;
				SUPPORTS_MAC_DESIGNED_FOR_IPHONE_IPAD = NO;
				SWIFT_EMIT_LOC_STRINGS = YES;
				SWIFT_VERSION = 5.0;
				TARGETED_DEVICE_FAMILY = "1,2";
			};
			name = Release;
		};
/* End XCBuildConfiguration section */

/* Begin XCConfigurationList section */
		39415E9D2BC3CBC40033AE5E /* Build configuration list for PBXProject "TicTacToeGame" */ = {
			isa = XCConfigurationList;
			buildConfigurations = (
				39415EB72BC3CBC50033AE5E /* Debug */,
				39415EB82BC3CBC50033AE5E /* Release */,
			);
			defaultConfigurationIsVisible = 0;
			defaultConfigurationName = Release;
		};
		39415EB92BC3CBC50033AE5E /* Build configuration list for PBXNativeTarget "TicTacToeGame" */ = {
			isa = XCConfigurationList;
			buildConfigurations = (
				39415EBA2BC3CBC50033AE5E /* Debug */,
				39415EBB2BC3CBC50033AE5E /* Release */,
			);
			defaultConfigurationIsVisible = 0;
			defaultConfigurationName = Release;
		};
/* End XCConfigurationList section */

/* Begin XCVersionGroup section */
		39415EAE2BC3CBC40033AE5E /* TicTacToeGame.xcdatamodeld */ = {
			isa = XCVersionGroup;
			children = (
				39415EAF2BC3CBC40033AE5E /* TicTacToeGame.xcdatamodel */,
			);
			currentVersion = 39415EAF2BC3CBC40033AE5E /* TicTacToeGame.xcdatamodel */;
			path = TicTacToeGame.xcdatamodeld;
			sourceTree = "<group>";
			versionGroupType = wrapper.xcdatamodel;
		};
/* End XCVersionGroup section */
	};
	rootObject = 39415E9A2BC3CBC40033AE5E /* Project object */;
}
